
Microsoft Visual Studio Solution File, Format Version 12.00
# Visual Studio 14
VisualStudioVersion = 14.0.25420.1
MinimumVisualStudioVersion = 10.0.40219.1
Project("{2150E333-8FDC-42A3-9474-1A3956D46DE8}") = "src", "src", "{526EE9EA-B6C8-48AE-BE05-B67BDEC014B2}"
EndProject
Project("{2150E333-8FDC-42A3-9474-1A3956D46DE8}") = "Solution Items", "Solution Items", "{6C237BD5-9382-474A-BC8B-0E8676A586D8}"
	ProjectSection(SolutionItems) = preProject
		global.json = global.json
	EndProjectSection
EndProject
Project("{8BB2217D-0F2D-49D1-97BC-3654ED321F3B}") = "MusicFall2016", "src\MusicFall2016\MusicFall2016.xproj", "{2F15F295-9A51-48BD-BAF0-C1E4677A97D0}"
EndProject
Global
	GlobalSection(SolutionConfigurationPlatforms) = preSolution
		Debug|Any CPU = Debug|Any CPU
		Release|Any CPU = Release|Any CPU
	EndGlobalSection
	GlobalSection(ProjectConfigurationPlatforms) = postSolution
		{2F15F295-9A51-48BD-BAF0-C1E4677A97D0}.Debug|Any CPU.ActiveCfg = Debug|Any CPU
		{2F15F295-9A51-48BD-BAF0-C1E4677A97D0}.Debug|Any CPU.Build.0 = Debug|Any CPU
		{2F15F295-9A51-48BD-BAF0-C1E4677A97D0}.Release|Any CPU.ActiveCfg = Release|Any CPU
		{2F15F295-9A51-48BD-BAF0-C1E4677A97D0}.Release|Any CPU.Build.0 = Release|Any CPU
	EndGlobalSection
	GlobalSection(SolutionProperties) = preSolution
		HideSolutionNode = FALSE
	EndGlobalSection
	GlobalSection(NestedProjects) = preSolution
		{2F15F295-9A51-48BD-BAF0-C1E4677A97D0} = {526EE9EA-B6C8-48AE-BE05-B67BDEC014B2}
	EndGlobalSection
EndGlobal
